{
  "version": 4,
  "terraform_version": "1.3.7",
  "serial": 37,
  "lineage": "5fb7fb08-c36e-97d5-b3fb-527d32d45b2d",
  "outputs": {},
  "resources": [
    {
      "mode": "managed",
      "type": "docker_container",
      "name": "rabbitmq",
      "provider": "provider[\"registry.terraform.io/kreuzwerker/docker\"]",
      "instances": [
        {
          "schema_version": 2,
          "attributes": {
            "attach": false,
            "bridge": "",
            "capabilities": [],
            "cgroupns_mode": null,
            "command": [
              "rabbitmq-server"
            ],
            "container_logs": null,
            "container_read_refresh_timeout_milliseconds": 15000,
            "cpu_set": "",
            "cpu_shares": 0,
            "destroy_grace_seconds": null,
            "devices": [],
            "dns": null,
            "dns_opts": null,
            "dns_search": null,
            "domainname": "",
            "entrypoint": [
              "docker-entrypoint.sh"
            ],
            "env": [],
            "exit_code": null,
            "gpus": null,
            "group_add": null,
            "healthcheck": null,
            "host": [],
            "hostname": "rabbitmq",
            "id": "9de4da9bf008240425e72a5f7213670f3e0a43908ffcd659c3c39c316ebc4e64",
            "image": "sha256:3ddcbc62d4fa305076c02f1ddd67f26a375d499afd7ade13207d0ae961d1f232",
            "init": false,
            "ipc_mode": "private",
            "labels": [],
            "log_driver": "json-file",
            "log_opts": null,
            "logs": false,
            "max_retry_count": 0,
            "memory": 0,
            "memory_swap": 0,
            "mounts": [],
            "must_run": true,
            "name": "rabbitmq",
            "network_data": [
              {
                "gateway": "172.18.0.1",
                "global_ipv6_address": "",
                "global_ipv6_prefix_length": 0,
                "ip_address": "172.18.0.4",
                "ip_prefix_length": 16,
                "ipv6_gateway": "",
                "network_name": "appnet"
              }
            ],
            "network_mode": "default",
            "networks_advanced": [
              {
                "aliases": [],
                "ipv4_address": "",
                "ipv6_address": "",
                "name": "appnet"
              }
            ],
            "pid_mode": "",
            "ports": [
              {
                "external": 5672,
                "internal": 5672,
                "ip": "0.0.0.0",
                "protocol": "tcp"
              },
              {
                "external": 15672,
                "internal": 15672,
                "ip": "0.0.0.0",
                "protocol": "tcp"
              },
              {
                "external": 15692,
                "internal": 15692,
                "ip": "0.0.0.0",
                "protocol": "tcp"
              }
            ],
            "privileged": false,
            "publish_all_ports": false,
            "read_only": false,
            "remove_volumes": true,
            "restart": "no",
            "rm": false,
            "runtime": "runc",
            "security_opts": [],
            "shm_size": 64,
            "start": true,
            "stdin_open": false,
            "stop_signal": "",
            "stop_timeout": 0,
            "storage_opts": null,
            "sysctls": null,
            "tmpfs": null,
            "tty": false,
            "ulimit": [],
            "upload": [],
            "user": "",
            "userns_mode": "",
            "volumes": [],
            "wait": false,
            "wait_timeout": 60,
            "working_dir": ""
          },
          "sensitive_attributes": [],
          "private": "eyJzY2hlbWFfdmVyc2lvbiI6IjIifQ==",
          "dependencies": [
            "docker_image.img-rabbitmq"
          ]
        }
      ]
    },
    {
      "mode": "managed",
      "type": "docker_image",
      "name": "img-rabbitmq",
      "provider": "provider[\"registry.terraform.io/kreuzwerker/docker\"]",
      "instances": [
        {
          "schema_version": 0,
          "attributes": {
            "build": [],
            "force_remove": null,
            "id": "sha256:3ddcbc62d4fa305076c02f1ddd67f26a375d499afd7ade13207d0ae961d1f232rabbitmq:3.10-management",
            "image_id": "sha256:3ddcbc62d4fa305076c02f1ddd67f26a375d499afd7ade13207d0ae961d1f232",
            "keep_locally": null,
            "name": "rabbitmq:3.10-management",
            "platform": null,
            "pull_triggers": null,
            "repo_digest": "rabbitmq@sha256:1a4c449212fd17f66ec509aeac03ac01eec7253acbc36a3f59ba88e38002901f",
            "triggers": null
          },
          "sensitive_attributes": [],
          "private": "bnVsbA=="
        }
      ]
    }
  ],
  "check_results": null
}
